
Microsoft Visual Studio Solution File, Format Version 12.00
# Visual Studio Version 17
VisualStudioVersion = 17.10.35013.160
MinimumVisualStudioVersion = 10.0.40219.1
Project("{9A19103F-16F7-4668-BE54-9A1E7A4F7556}") = "Iptv.Api", "Iptv.Api\Iptv.Api.csproj", "{3B6D6D42-98B6-472C-B9D4-A87F75CB2F5D}"
EndProject
Project("{9A19103F-16F7-4668-BE54-9A1E7A4F7556}") = "Iptv.Core", "Iptv.Core\Iptv.Core.csproj", "{AD41AC41-1177-4413-A803-B492082DCACE}"
EndProject
Project("{9A19103F-16F7-4668-BE54-9A1E7A4F7556}") = "Iptv.Services", "Iptv.Services\Iptv.Services.csproj", "{4856B791-910A-4761-B8DD-2920EC8DEA40}"
EndProject
Project("{FAE04EC0-301F-11D3-BF4B-00C04F79EFBC}") = "Iptv.Shared", "Iptv.Shared\Iptv.Shared.csproj", "{D579F6D6-1E02-4354-8DD2-81742EEE2890}"
EndProject
Project("{FAE04EC0-301F-11D3-BF4B-00C04F79EFBC}") = "Iptv.Subscriber", "Iptv.Subscriber\Iptv.Subscriber.csproj", "{0B75C08F-87B9-48C4-AEE2-B5E76D18C345}"
EndProject
Project("{2150E333-8FDC-42A3-9474-1A3956D46DE8}") = ".solution-items", ".solution-items", "{F9252A20-624C-408D-88F3-C5DB51860DFD}"
	ProjectSection(SolutionItems) = preProject
		docker-compose.yml = docker-compose.yml
	EndProjectSection
EndProject
Global
	GlobalSection(SolutionConfigurationPlatforms) = preSolution
		Debug|Any CPU = Debug|Any CPU
		Release|Any CPU = Release|Any CPU
	EndGlobalSection
	GlobalSection(ProjectConfigurationPlatforms) = postSolution
		{3B6D6D42-98B6-472C-B9D4-A87F75CB2F5D}.Debug|Any CPU.ActiveCfg = Debug|Any CPU
		{3B6D6D42-98B6-472C-B9D4-A87F75CB2F5D}.Debug|Any CPU.Build.0 = Debug|Any CPU
		{3B6D6D42-98B6-472C-B9D4-A87F75CB2F5D}.Release|Any CPU.ActiveCfg = Release|Any CPU
		{3B6D6D42-98B6-472C-B9D4-A87F75CB2F5D}.Release|Any CPU.Build.0 = Release|Any CPU
		{AD41AC41-1177-4413-A803-B492082DCACE}.Debug|Any CPU.ActiveCfg = Debug|Any CPU
		{AD41AC41-1177-4413-A803-B492082DCACE}.Debug|Any CPU.Build.0 = Debug|Any CPU
		{AD41AC41-1177-4413-A803-B492082DCACE}.Release|Any CPU.ActiveCfg = Release|Any CPU
		{AD41AC41-1177-4413-A803-B492082DCACE}.Release|Any CPU.Build.0 = Release|Any CPU
		{4856B791-910A-4761-B8DD-2920EC8DEA40}.Debug|Any CPU.ActiveCfg = Debug|Any CPU
		{4856B791-910A-4761-B8DD-2920EC8DEA40}.Debug|Any CPU.Build.0 = Debug|Any CPU
		{4856B791-910A-4761-B8DD-2920EC8DEA40}.Release|Any CPU.ActiveCfg = Release|Any CPU
		{4856B791-910A-4761-B8DD-2920EC8DEA40}.Release|Any CPU.Build.0 = Release|Any CPU
		{D579F6D6-1E02-4354-8DD2-81742EEE2890}.Debug|Any CPU.ActiveCfg = Debug|Any CPU
		{D579F6D6-1E02-4354-8DD2-81742EEE2890}.Debug|Any CPU.Build.0 = Debug|Any CPU
		{D579F6D6-1E02-4354-8DD2-81742EEE2890}.Release|Any CPU.ActiveCfg = Release|Any CPU
		{D579F6D6-1E02-4354-8DD2-81742EEE2890}.Release|Any CPU.Build.0 = Release|Any CPU
		{0B75C08F-87B9-48C4-AEE2-B5E76D18C345}.Debug|Any CPU.ActiveCfg = Debug|Any CPU
		{0B75C08F-87B9-48C4-AEE2-B5E76D18C345}.Debug|Any CPU.Build.0 = Debug|Any CPU
		{0B75C08F-87B9-48C4-AEE2-B5E76D18C345}.Release|Any CPU.ActiveCfg = Release|Any CPU
		{0B75C08F-87B9-48C4-AEE2-B5E76D18C345}.Release|Any CPU.Build.0 = Release|Any CPU
	EndGlobalSection
	GlobalSection(SolutionProperties) = preSolution
		HideSolutionNode = FALSE
	EndGlobalSection
	GlobalSection(ExtensibilityGlobals) = postSolution
		SolutionGuid = {0C7B143E-02A1-46DD-9BF6-60F9BB62DA72}
	EndGlobalSection
EndGlobal
